
Microsoft Visual Studio Solution File, Format Version 12.00
# Visual Studio Version 16
VisualStudioVersion = 16.0.29709.97
MinimumVisualStudioVersion = 10.0.40219.1
Project("{FAE04EC0-301F-11D3-BF4B-00C04F79EFBC}") = "WPFNorthwindsExample", "WPFNorthwindsExample\WPFNorthwindsExample.csproj", "{5E08CB9D-175F-4726-8C78-523ACB8EBFCD}"
EndProject
Global
	GlobalSection(SolutionConfigurationPlatforms) = preSolution
		Debug|Any CPU = Debug|Any CPU
		Release|Any CPU = Release|Any CPU
	EndGlobalSection
	GlobalSection(ProjectConfigurationPlatforms) = postSolution
		{5E08CB9D-175F-4726-8C78-523ACB8EBFCD}.Debug|Any CPU.ActiveCfg = Debug|Any CPU
		{5E08CB9D-175F-4726-8C78-523ACB8EBFCD}.Debug|Any CPU.Build.0 = Debug|Any CPU
		{5E08CB9D-175F-4726-8C78-523ACB8EBFCD}.Release|Any CPU.ActiveCfg = Release|Any CPU
		{5E08CB9D-175F-4726-8C78-523ACB8EBFCD}.Release|Any CPU.Build.0 = Release|Any CPU
	EndGlobalSection
	GlobalSection(SolutionProperties) = preSolution
		HideSolutionNode = FALSE
	EndGlobalSection
	GlobalSection(ExtensibilityGlobals) = postSolution
		SolutionGuid = {EAC5F058-23A6-479D-BE83-CF58A2037E23}
	EndGlobalSection
EndGlobal
